
Microsoft Visual Studio Solution File, Format Version 12.00
# Visual Studio Version 17
VisualStudioVersion = 17.14.36603.0 d17.14
MinimumVisualStudioVersion = 10.0.40219.1
Project("{FAE04EC0-301F-11D3-BF4B-00C04F79EFBC}") = "27_10_25", "27_10_25.csproj", "{D89472F1-4E01-4776-AA46-B4E647666313}"
EndProject
Global
	GlobalSection(SolutionConfigurationPlatforms) = preSolution
		Debug|Any CPU = Debug|Any CPU
		Release|Any CPU = Release|Any CPU
	EndGlobalSection
	GlobalSection(ProjectConfigurationPlatforms) = postSolution
		{D89472F1-4E01-4776-AA46-B4E647666313}.Debug|Any CPU.ActiveCfg = Debug|Any CPU
		{D89472F1-4E01-4776-AA46-B4E647666313}.Debug|Any CPU.Build.0 = Debug|Any CPU
		{D89472F1-4E01-4776-AA46-B4E647666313}.Release|Any CPU.ActiveCfg = Release|Any CPU
		{D89472F1-4E01-4776-AA46-B4E647666313}.Release|Any CPU.Build.0 = Release|Any CPU
	EndGlobalSection
	GlobalSection(SolutionProperties) = preSolution
		HideSolutionNode = FALSE
	EndGlobalSection
	GlobalSection(ExtensibilityGlobals) = postSolution
		SolutionGuid = {2DD8012B-3627-4465-8400-E045DD4F9FF5}
	EndGlobalSection
EndGlobal
